
Microsoft Visual Studio Solution File, Format Version 12.00
# Visual Studio Version 17
VisualStudioVersion = 17.10.34928.147
MinimumVisualStudioVersion = 10.0.40219.1
Project("{FAE04EC0-301F-11D3-BF4B-00C04F79EFBC}") = "ModbusCRC", "ModbusCRC\ModbusCRC.csproj", "{64B058B9-8D5D-4886-9827-C8FE1CCF615A}"
EndProject
Global
	GlobalSection(SolutionConfigurationPlatforms) = preSolution
		Debug|Any CPU = Debug|Any CPU
		Release|Any CPU = Release|Any CPU
	EndGlobalSection
	GlobalSection(ProjectConfigurationPlatforms) = postSolution
		{64B058B9-8D5D-4886-9827-C8FE1CCF615A}.Debug|Any CPU.ActiveCfg = Debug|Any CPU
		{64B058B9-8D5D-4886-9827-C8FE1CCF615A}.Debug|Any CPU.Build.0 = Debug|Any CPU
		{64B058B9-8D5D-4886-9827-C8FE1CCF615A}.Release|Any CPU.ActiveCfg = Release|Any CPU
		{64B058B9-8D5D-4886-9827-C8FE1CCF615A}.Release|Any CPU.Build.0 = Release|Any CPU
	EndGlobalSection
	GlobalSection(SolutionProperties) = preSolution
		HideSolutionNode = FALSE
	EndGlobalSection
	GlobalSection(ExtensibilityGlobals) = postSolution
		SolutionGuid = {D11C2F51-7C55-432C-95E4-CF0200DDE259}
	EndGlobalSection
EndGlobal
